PODS:
  - Alamofire (5.4.3)
  - Kingfisher (4.10.1)
  - Moya (14.0.0):
    - Moya/Core (= 14.0.0)
  - Moya/Core (14.0.0):
    - Alamofire (~> 5.0)
  - RxSwift (6.2.0)
  - SwiftLint (0.43.1)

DEPENDENCIES:
  - Kingfisher (= 4.10.1)
  - Moya
  - RxSwift
  - SwiftLint

SPEC REPOS:
  trunk:
    - Alamofire
    - Kingfisher
    - Moya
    - RxSwift
    - SwiftLint

SPEC CHECKSUMS:
  Alamofire: e447a2774a40c996748296fa2c55112fdbbc42f9
  Kingfisher: c148cd7b47ebde9989f6bc7c27dcaa79d81279a0
  Moya: 5b45dacb75adb009f97fde91c204c1e565d31916
  RxSwift: d356ab7bee873611322f134c5f9ef379fa183d8f
  SwiftLint: 99f82d07b837b942dd563c668de129a03fc3fb52

PODFILE CHECKSUM: 577118baa55532630373e0cf42b7f1884ba50aa6

COCOAPODS: 1.10.1
